// !$*UTF8*$!
{
	archiveVersion = 1;
	classes = {
	};
	objectVersion = 50;
	objects = {

/* Begin PBXBuildFile section */
		F8E4E9BC20A810DA0009CC5B /* AppDelegate.swift in Sources */ = {isa = PBXBuildFile; fileRef = F8E4E9BB20A810DA0009CC5B /* AppDelegate.swift */; };
		F8E4E9BE20A810DA0009CC5B /* ViewController.swift in Sources */ = {isa = PBXBuildFile; fileRef = F8E4E9BD20A810DA0009CC5B /* ViewController.swift */; };
		F8E4E9C120A810DA0009CC5B /* Main.storyboard in Resources */ = {isa = PBXBuildFile; fileRef = F8E4E9BF20A810DA0009CC5B /* Main.storyboard */; };
		F8E4E9C320A810DB0009CC5B /* Assets.xcassets in Resources */ = {isa = PBXBuildFile; fileRef = F8E4E9C220A810DB0009CC5B /* Assets.xcassets */; };
		F8E4E9C620A810DB0009CC5B /* LaunchScreen.storyboard in Resources */ = {isa = PBXBuildFile; fileRef = F8E4E9C420A810DB0009CC5B /* LaunchScreen.storyboard */; };
		F8E4E9CF20A872120009CC5B /* level1.txt in Resources */ = {isa = PBXBuildFile; fileRef = F8E4E9CD20A872110009CC5B /* level1.txt */; };
		F8E4E9D020A872120009CC5B /* level2.txt in Resources */ = {isa = PBXBuildFile; fileRef = F8E4E9CE20A872120009CC5B /* level2.txt */; };
/* End PBXBuildFile section */

/* Begin PBXFileReference section */
		F8E4E9B820A810DA0009CC5B /* 8-SwiftyWods.app */ = {isa = PBXFileReference; explicitFileType = wrapper.application; includeInIndex = 0; path = "8-SwiftyWods.app"; sourceTree = BUILT_PRODUCTS_DIR; };
		F8E4E9BB20A810DA0009CC5B /* AppDelegate.swift */ = {isa = PBXFileReference; lastKnownFileType = sourcecode.swift; path = AppDelegate.swift; sourceTree = "<group>"; };
		F8E4E9BD20A810DA0009CC5B /* ViewController.swift */ = {isa = PBXFileReference; lastKnownFileType = sourcecode.swift; path = ViewController.swift; sourceTree = "<group>"; };
		F8E4E9C020A810DA0009CC5B /* Base */ = {isa = PBXFileReference; lastKnownFileType = file.storyboard; name = Base; path = Base.lproj/Main.storyboard; sourceTree = "<group>"; };
		F8E4E9C220A810DB0009CC5B /* Assets.xcassets */ = {isa = PBXFileReference; lastKnownFileType = folder.assetcatalog; path = Assets.xcassets; sourceTree = "<group>"; };
		F8E4E9C520A810DB0009CC5B /* Base */ = {isa = PBXFileReference; lastKnownFileType = file.storyboard; name = Base; path = Base.lproj/LaunchScreen.storyboard; sourceTree = "<group>"; };
		F8E4E9C720A810DB0009CC5B /* Info.plist */ = {isa = PBXFileReference; lastKnownFileType = text.plist.xml; path = Info.plist; sourceTree = "<group>"; };
		F8E4E9CD20A872110009CC5B /* level1.txt */ = {isa = PBXFileReference; fileEncoding = 4; lastKnownFileType = text; path = level1.txt; sourceTree = "<group>"; };
		F8E4E9CE20A872120009CC5B /* level2.txt */ = {isa = PBXFileReference; fileEncoding = 4; lastKnownFileType = text; path = level2.txt; sourceTree = "<group>"; };
/* End PBXFileReference section */

/* Begin PBXFrameworksBuildPhase section */
		F8E4E9B520A810DA0009CC5B /* Frameworks */ = {
			isa = PBXFrameworksBuildPhase;
			buildActionMask = 2147483647;
			files = (
			);
			runOnlyForDeploymentPostprocessing = 0;
		};
/* End PBXFrameworksBuildPhase section */

/* Begin PBXGroup section */
		F8E4E9AF20A810DA0009CC5B = {
			isa = PBXGroup;
			children = (
				F8E4E9BA20A810DA0009CC5B /* 8-SwiftyWods */,
				F8E4E9B920A810DA0009CC5B /* Products */,
			);
			sourceTree = "<group>";
		};
		F8E4E9B920A810DA0009CC5B /* Products */ = {
			isa = PBXGroup;
			children = (
				F8E4E9B820A810DA0009CC5B /* 8-SwiftyWods.app */,
			);
			name = Products;
			sourceTree = "<group>";
		};
		F8E4E9BA20A810DA0009CC5B /* 8-SwiftyWods */ = {
			isa = PBXGroup;
			children = (
				F8E4E9BB20A810DA0009CC5B /* AppDelegate.swift */,
				F8E4E9BD20A810DA0009CC5B /* ViewController.swift */,
				F8E4E9BF20A810DA0009CC5B /* Main.storyboard */,
				F8E4E9C220A810DB0009CC5B /* Assets.xcassets */,
				F8E4E9C420A810DB0009CC5B /* LaunchScreen.storyboard */,
				F8E4E9C720A810DB0009CC5B /* Info.plist */,
				F8E4E9CD20A872110009CC5B /* level1.txt */,
				F8E4E9CE20A872120009CC5B /* level2.txt */,
			);
			path = "8-SwiftyWods";
			sourceTree = "<group>";
		};
/* End PBXGroup section */

/* Begin PBXNativeTarget section */
		F8E4E9B720A810DA0009CC5B /* 8-SwiftyWods */ = {
			isa = PBXNativeTarget;
			buildConfigurationList = F8E4E9CA20A810DB0009CC5B /* Build configuration list for PBXNativeTarget "8-SwiftyWods" */;
			buildPhases = (
				F8E4E9B420A810DA0009CC5B /* Sources */,
				F8E4E9B520A810DA0009CC5B /* Frameworks */,
				F8E4E9B620A810DA0009CC5B /* Resources */,
			);
			buildRules = (
			);
			dependencies = (
			);
			name = "8-SwiftyWods";
			productName = "8-SwiftyWods";
			productReference = F8E4E9B820A810DA0009CC5B /* 8-SwiftyWods.app */;
			productType = "com.apple.product-type.application";
		};
/* End PBXNativeTarget section */

/* Begin PBXProject section */
		F8E4E9B020A810DA0009CC5B /* Project object */ = {
			isa = PBXProject;
			attributes = {
				LastSwiftUpdateCheck = 0930;
				LastUpgradeCheck = 0930;
				ORGANIZATIONNAME = zouhuanlin;
				TargetAttributes = {
					F8E4E9B720A810DA0009CC5B = {
						CreatedOnToolsVersion = 9.3.1;
					};
				};
			};
			buildConfigurationList = F8E4E9B320A810DA0009CC5B /* Build configuration list for PBXProject "8-SwiftyWods" */;
			compatibilityVersion = "Xcode 9.3";
			developmentRegion = en;
			hasScannedForEncodings = 0;
			knownRegions = (
				en,
				Base,
			);
			mainGroup = F8E4E9AF20A810DA0009CC5B;
			productRefGroup = F8E4E9B920A810DA0009CC5B /* Products */;
			projectDirPath = "";
			projectRoot = "";
			targets = (
				F8E4E9B720A810DA0009CC5B /* 8-SwiftyWods */,
			);
		};
/* End PBXProject section */

/* Begin PBXResourcesBuildPhase section */
		F8E4E9B620A810DA0009CC5B /* Resources */ = {
			isa = PBXResourcesBuildPhase;
			buildActionMask = 2147483647;
			files = (
				F8E4E9D020A872120009CC5B /* level2.txt in Resources */,
				F8E4E9C620A810DB0009CC5B /* LaunchScreen.storyboard in Resources */,
				F8E4E9CF20A872120009CC5B /* level1.txt in Resources */,
				F8E4E9C320A810DB0009CC5B /* Assets.xcassets in Resources */,
				F8E4E9C120A810DA0009CC5B /* Main.storyboard in Resources */,
			);
			runOnlyForDeploymentPostprocessing = 0;
		};
/* End PBXResourcesBuildPhase section */

/* Begin PBXSourcesBuildPhase section */
		F8E4E9B420A810DA0009CC5B /* Sources */ = {
			isa = PBXSourcesBuildPhase;
			buildActionMask = 2147483647;
			files = (
				F8E4E9BE20A810DA0009CC5B /* ViewController.swift in Sources */,
				F8E4E9BC20A810DA0009CC5B /* AppDelegate.swift in Sources */,
			);
			runOnlyForDeploymentPostprocessing = 0;
		};
/* End PBXSourcesBuildPhase section */

/* Begin PBXVariantGroup section */
		F8E4E9BF20A810DA0009CC5B /* Main.storyboard */ = {
			isa = PBXVariantGroup;
			children = (
				F8E4E9C020A810DA0009CC5B /* Base */,
			);
			name = Main.storyboard;
			sourceTree = "<group>";
		};
		F8E4E9C420A810DB0009CC5B /* LaunchScreen.storyboard */ = {
			isa = PBXVariantGroup;
			children = (
				F8E4E9C520A810DB0009CC5B /* Base */,
			);
			name = LaunchScreen.storyboard;
			sourceTree = "<group>";
		};
/* End PBXVariantGroup section */

/* Begin XCBuildConfiguration section */
		F8E4E9C820A810DB0009CC5B /* Debug */ = {
			isa = XCBuildConfiguration;
			buildSettings = {
				ALWAYS_SEARCH_USER_PATHS = NO;
				CLANG_ANALYZER_NONNULL = YES;
				CLANG_ANALYZER_NUMBER_OBJECT_CONVERSION = YES_AGGRESSIVE;
				CLANG_CXX_LANGUAGE_STANDARD = "gnu++14";
				CLANG_CXX_LIBRARY = "libc++";
				CLANG_ENABLE_MODULES = YES;
				CLANG_ENABLE_OBJC_ARC = YES;
				CLANG_ENABLE_OBJC_WEAK = YES;
				CLANG_WARN_BLOCK_CAPTURE_AUTORELEASING = YES;
				CLANG_WARN_BOOL_CONVERSION = YES;
				CLANG_WARN_COMMA = YES;
				CLANG_WARN_CONSTANT_CONVERSION = YES;
				CLANG_WARN_DEPRECATED_OBJC_IMPLEMENTATIONS = YES;
				CLANG_WARN_DIRECT_OBJC_ISA_USAGE = YES_ERROR;
				CLANG_WARN_DOCUMENTATION_COMMENTS = YES;
				CLANG_WARN_EMPTY_BODY = YES;
				CLANG_WARN_ENUM_CONVERSION = YES;
				CLANG_WARN_INFINITE_RECURSION = YES;
				CLANG_WARN_INT_CONVERSION = YES;
				CLANG_WARN_NON_LITERAL_NULL_CONVERSION = YES;
				CLANG_WARN_OBJC_IMPLICIT_RETAIN_SELF = YES;
				CLANG_WARN_OBJC_LITERAL_CONVERSION = YES;
				CLANG_WARN_OBJC_ROOT_CLASS = YES_ERROR;
				CLANG_WARN_RANGE_LOOP_ANALYSIS = YES;
				CLANG_WARN_STRICT_PROTOTYPES = YES;
				CLANG_WARN_SUSPICIOUS_MOVE = YES;
				CLANG_WARN_UNGUARDED_AVAILABILITY = YES_AGGRESSIVE;
				CLANG_WARN_UNREACHABLE_CODE = YES;
				CLANG_WARN__DUPLICATE_METHOD_MATCH = YES;
				CODE_SIGN_IDENTITY = "iPhone Developer";
				COPY_PHASE_STRIP = NO;
				DEBUG_INFORMATION_FORMAT = dwarf;
				ENABLE_STRICT_OBJC_MSGSEND = YES;
				ENABLE_TESTABILITY = YES;
				GCC_C_LANGUAGE_STANDARD = gnu11;
				GCC_DYNAMIC_NO_PIC = NO;
				GCC_NO_COMMON_BLOCKS = YES;
				GCC_OPTIMIZATION_LEVEL = 0;
				GCC_PREPROCESSOR_DEFINITIONS = (
					"DEBUG=1",
					"$(inherited)",
				);
				GCC_WARN_64_TO_32_BIT_CONVERSION = YES;
				GCC_WARN_ABOUT_RETURN_TYPE = YES_ERROR;
				GCC_WARN_UNDECLARED_SELECTOR = YES;
				GCC_WARN_UNINITIALIZED_AUTOS = YES_AGGRESSIVE;
				GCC_WARN_UNUSED_FUNCTION = YES;
				GCC_WARN_UNUSED_VARIABLE = YES;
				IPHONEOS_DEPLOYMENT_TARGET = 11.3;
				MTL_ENABLE_DEBUG_INFO = YES;
				ONLY_ACTIVE_ARCH = YES;
				SDKROOT = iphoneos;
				SWIFT_ACTIVE_COMPILATION_CONDITIONS = DEBUG;
				SWIFT_OPTIMIZATION_LEVEL = "-Onone";
			};
			name = Debug;
		};
		F8E4E9C920A810DB0009CC5B /* Release */ = {
			isa = XCBuildConfiguration;
			buildSettings = {
				ALWAYS_SEARCH_USER_PATHS = NO;
				CLANG_ANALYZER_NONNULL = YES;
				CLANG_ANALYZER_NUMBER_OBJECT_CONVERSION = YES_AGGRESSIVE;
				CLANG_CXX_LANGUAGE_STANDARD = "gnu++14";
				CLANG_CXX_LIBRARY = "libc++";
				CLANG_ENABLE_MODULES = YES;
				CLANG_ENABLE_OBJC_ARC = YES;
				CLANG_ENABLE_OBJC_WEAK = YES;
				CLANG_WARN_BLOCK_CAPTURE_AUTORELEASING = YES;
				CLANG_WARN_BOOL_CONVERSION = YES;
				CLANG_WARN_COMMA = YES;
				CLANG_WARN_CONSTANT_CONVERSION = YES;
				CLANG_WARN_DEPRECATED_OBJC_IMPLEMENTATIONS = YES;
				CLANG_WARN_DIRECT_OBJC_ISA_USAGE = YES_ERROR;
				CLANG_WARN_DOCUMENTATION_COMMENTS = YES;
				CLANG_WARN_EMPTY_BODY = YES;
				CLANG_WARN_ENUM_CONVERSION = YES;
				CLANG_WARN_INFINITE_RECURSION = YES;
				CLANG_WARN_INT_CONVERSION = YES;
				CLANG_WARN_NON_LITERAL_NULL_CONVERSION = YES;
				CLANG_WARN_OBJC_IMPLICIT_RETAIN_SELF = YES;
				CLANG_WARN_OBJC_LITERAL_CONVERSION = YES;
				CLANG_WARN_OBJC_ROOT_CLASS = YES_ERROR;
				CLANG_WARN_RANGE_LOOP_ANALYSIS = YES;
				CLANG_WARN_STRICT_PROTOTYPES = YES;
				CLANG_WARN_SUSPICIOUS_MOVE = YES;
				CLANG_WARN_UNGUARDED_AVAILABILITY = YES_AGGRESSIVE;
				CLANG_WARN_UNREACHABLE_CODE = YES;
				CLANG_WARN__DUPLICATE_METHOD_MATCH = YES;
				CODE_SIGN_IDENTITY = "iPhone Developer";
				COPY_PHASE_STRIP = NO;
				DEBUG_INFORMATION_FORMAT = "dwarf-with-dsym";
				ENABLE_NS_ASSERTIONS = NO;
				ENABLE_STRICT_OBJC_MSGSEND = YES;
				GCC_C_LANGUAGE_STANDARD = gnu11;
				GCC_NO_COMMON_BLOCKS = YES;
				GCC_WARN_64_TO_32_BIT_CONVERSION = YES;
				GCC_WARN_ABOUT_RETURN_TYPE = YES_ERROR;
				GCC_WARN_UNDECLARED_SELECTOR = YES;
				GCC_WARN_UNINITIALIZED_AUTOS = YES_AGGRESSIVE;
				GCC_WARN_UNUSED_FUNCTION = YES;
				GCC_WARN_UNUSED_VARIABLE = YES;
				IPHONEOS_DEPLOYMENT_TARGET = 11.3;
				MTL_ENABLE_DEBUG_INFO = NO;
				SDKROOT = iphoneos;
				SWIFT_COMPILATION_MODE = wholemodule;
				SWIFT_OPTIMIZATION_LEVEL = "-O";
				VALIDATE_PRODUCT = YES;
			};
			name = Release;
		};
		F8E4E9CB20A810DB0009CC5B /* Debug */ = {
			isa = XCBuildConfiguration;
			buildSettings = {
				ASSETCATALOG_COMPILER_APPICON_NAME = AppIcon;
				CODE_SIGN_STYLE = Automatic;
				DEVELOPMENT_TEAM = MRV4V6ZTCS;
				INFOPLIST_FILE = "8-SwiftyWods/Info.plist";
				LD_RUNPATH_SEARCH_PATHS = (
					"$(inherited)",
					"@executable_path/Frameworks",
				);
				PRODUCT_BUNDLE_IDENTIFIER = "com.chandler7k.--SwiftyWods";
				PRODUCT_NAME = "$(TARGET_NAME)";
				SWIFT_VERSION = 4.0;
				TARGETED_DEVICE_FAMILY = "1,2";
			};
			name = Debug;
		};
		F8E4E9CC20A810DB0009CC5B /* Release */ = {
			isa = XCBuildConfiguration;
			buildSettings = {
				ASSETCATALOG_COMPILER_APPICON_NAME = AppIcon;
				CODE_SIGN_STYLE = Automatic;
				DEVELOPMENT_TEAM = MRV4V6ZTCS;
				INFOPLIST_FILE = "8-SwiftyWods/Info.plist";
				LD_RUNPATH_SEARCH_PATHS = (
					"$(inherited)",
					"@executable_path/Frameworks",
				);
				PRODUCT_BUNDLE_IDENTIFIER = "com.chandler7k.--SwiftyWods";
				PRODUCT_NAME = "$(TARGET_NAME)";
				SWIFT_VERSION = 4.0;
				TARGETED_DEVICE_FAMILY = "1,2";
			};
			name = Release;
		};
/* End XCBuildConfiguration section */

/* Begin XCConfigurationList section */
		F8E4E9B320A810DA0009CC5B /* Build configuration list for PBXProject "8-SwiftyWods" */ = {
			isa = XCConfigurationList;
			buildConfigurations = (
				F8E4E9C820A810DB0009CC5B /* Debug */,
				F8E4E9C920A810DB0009CC5B /* Release */,
			);
			defaultConfigurationIsVisible = 0;
			defaultConfigurationName = Release;
		};
		F8E4E9CA20A810DB0009CC5B /* Build configuration list for PBXNativeTarget "8-SwiftyWods" */ = {
			isa = XCConfigurationList;
			buildConfigurations = (
				F8E4E9CB20A810DB0009CC5B /* Debug */,
				F8E4E9CC20A810DB0009CC5B /* Release */,
			);
			defaultConfigurationIsVisible = 0;
			defaultConfigurationName = Release;
		};
/* End XCConfigurationList section */
	};
	rootObject = F8E4E9B020A810DA0009CC5B /* Project object */;
}
